# This file is automatically @generated by Cargo.
# It is not intended for manual editing.
[[package]]
name = "pc_bus_am_emitter"
version = "0.1.0"
dependencies = [
 "volatile",
]

[[package]]
name = "volatile"
version = "0.4.3"
source = "registry+https://github.com/rust-lang/crates.io-index"
checksum = "8a9dc439ba8353e28f34356cf26f7847e5f15f33ccedde090278fa8ff08f4e10"
